{
  "version": 4,
  "terraform_version": "1.8.3",
  "serial": 52,
  "lineage": "d752a7fb-6465-4ac5-24a5-660c40872ad9",
  "outputs": {
    "tf_demo_key_pair": {
      "value": "tf-demo",
      "type": "string"
    },
    "tf_demo_key_pair_arn": {
      "value": "arn:aws:ec2:ap-southeast-1:712108809084:key-pair/tf-demo",
      "type": "string"
    },
    "tf_demo_key_pair_fingerprint": {
      "value": "9b:60:bd:b7:59:dc:c1:65:99:e2:96:d8:0e:c8:57:39",
      "type": "string"
    },
    "tf_demo_key_pair_id": {
      "value": "key-0caa80149229190e7",
      "type": "string"
    },
    "tf_demo_key_pair_name": {
      "value": "tf-demo",
      "type": "string"
    },
    "tf_demo_key_pair_type": {
      "value": "rsa",
      "type": "string"
    }
  },
  "resources": [
    {
      "mode": "managed",
      "type": "aws_key_pair",
      "name": "tf_demo_key_pair",
      "provider": "provider[\"registry.terraform.io/hashicorp/aws\"]",
      "instances": [
        {
          "schema_version": 1,
          "attributes": {
            "arn": "arn:aws:ec2:ap-southeast-1:712108809084:key-pair/tf-demo",
            "fingerprint": "9b:60:bd:b7:59:dc:c1:65:99:e2:96:d8:0e:c8:57:39",
            "id": "tf-demo",
            "key_name": "tf-demo",
            "key_name_prefix": "",
            "key_pair_id": "key-0caa80149229190e7",
            "key_type": "rsa",
            "public_key": "ssh-rsa AAAAB3NzaC1yc2EAAAADAQABAAABgQC3o4ZgjA3C9RUYVBU+sNLbjqtoiCPr47BHXvuymt28n66fdK28fp8FYjqJSND9eO365CHm8DZJsUgXlsqxvrIxMqz/DWk11jht9/YuVOds+U79RPx2VqKbuYSNhgUUCCQ0rMM3Clqv3DH9bsGIIV5Oa7vnYeT3EOrj99GOfBQUFzBXthf2Hdr6UZlIxpMqVTmIEqb/qmGqhEtjEzNfHwkaz9o2HC90+vxPwWWb0+clJ4EzRBhsob2pacAeakiCxp8VnyoEWH7BJlhr+evhHtC/QnrNr5LF9LUokVYrFZ2tY2vClhWziTAI1uVpsy+Zoyki9GuUg3+bdo5Z6dCwMpnfmIkajLQ8a9wLylrbmLt54qs/BOT0u3yyvpVbiqZVYjN40/HRYh+xdGyf4L8gJ+RltZ5cFIIh8+kTqJ56LegPeIeJ6RcIKPQuf2Yz71bJ9FlEZB8eDDvd3eUOx5d0muCN46oK+0neGIEo9URpgpQbhrMZQRULDvreeqFWTcxUfiE= vagrant@hellocloud-native-box",
            "tags": null,
            "tags_all": {}
          },
          "sensitive_attributes": [],
          "private": "eyJzY2hlbWFfdmVyc2lvbiI6IjEifQ=="
        }
      ]
    },
    {
      "mode": "managed",
      "type": "aws_vpc",
      "name": "main",
      "provider": "provider[\"registry.terraform.io/hashicorp/aws\"]",
      "instances": [
        {
          "schema_version": 1,
          "attributes": {
            "arn": "arn:aws:ec2:ap-southeast-1:712108809084:vpc/vpc-0ea7b7ff8cc5eda7c",
            "assign_generated_ipv6_cidr_block": false,
            "cidr_block": "10.0.0.0/16",
            "default_network_acl_id": "acl-0a5d38d2c4cfd2e00",
            "default_route_table_id": "rtb-0c4721a205a58f8cc",
            "default_security_group_id": "sg-07dd21d53257ce640",
            "dhcp_options_id": "dopt-0bca316c5cb1ac8ca",
            "enable_dns_hostnames": false,
            "enable_dns_support": true,
            "enable_network_address_usage_metrics": false,
            "id": "vpc-0ea7b7ff8cc5eda7c",
            "instance_tenancy": "default",
            "ipv4_ipam_pool_id": null,
            "ipv4_netmask_length": null,
            "ipv6_association_id": "",
            "ipv6_cidr_block": "",
            "ipv6_cidr_block_network_border_group": "",
            "ipv6_ipam_pool_id": "",
            "ipv6_netmask_length": 0,
            "main_route_table_id": "rtb-0c4721a205a58f8cc",
            "owner_id": "712108809084",
            "tags": {
              "Name": "terraform-vpc"
            },
            "tags_all": {
              "Name": "terraform-vpc"
            }
          },
          "sensitive_attributes": [],
          "private": "eyJzY2hlbWFfdmVyc2lvbiI6IjEifQ=="
        }
      ]
    }
  ],
  "check_results": null
}
